
Microsoft Visual Studio Solution File, Format Version 12.00
# Visual Studio Version 16
VisualStudioVersion = 16.0.30907.101
MinimumVisualStudioVersion = 10.0.40219.1
Project("{888888A0-9F3D-457C-B088-3A5042F75D52}") = "calculator_2", "calculator_2.pyproj", "{D7FBC504-1A8B-44AA-B406-0975473BA45A}"
EndProject
Global
	GlobalSection(SolutionConfigurationPlatforms) = preSolution
		Debug|Any CPU = Debug|Any CPU
		Release|Any CPU = Release|Any CPU
	EndGlobalSection
	GlobalSection(ProjectConfigurationPlatforms) = postSolution
		{D7FBC504-1A8B-44AA-B406-0975473BA45A}.Debug|Any CPU.ActiveCfg = Debug|Any CPU
		{D7FBC504-1A8B-44AA-B406-0975473BA45A}.Release|Any CPU.ActiveCfg = Release|Any CPU
	EndGlobalSection
	GlobalSection(SolutionProperties) = preSolution
		HideSolutionNode = FALSE
	EndGlobalSection
	GlobalSection(ExtensibilityGlobals) = postSolution
		SolutionGuid = {418418CF-38A9-4B33-B723-5A5044A2E125}
	EndGlobalSection
EndGlobal
